github.com/orisano/gosax v1.1.4 h1:fJZ8180lWGOqck/unlYTo9bxjT4dcemG/NErUDcVOOw=
github.com/orisano/gosax v1.1.4/go.mod h1:mw6A5jIOFDeVOqffQkggKOOjRFevYnLyXgiZP06fRjI=
github.com/wilkmaciej/xpath v1.3.7 h1:+u8sJE5YyMAlR+O306biN1UYyoiVZB6XvHxvI2Yujzw=
github.com/wilkmaciej/xpath v1.3.7/go.mod h1:gPNm6UmOtCW5TZEgir3/RQwWe8jP+aUzBPu0PsKqsYA=
